{
  "version": 4,
  "terraform_version": "1.9.8",
  "serial": 9,
  "lineage": "d323afd0-7ac9-7145-1c41-16f6246701eb",
  "outputs": {
    "vnet": {
      "value": {
        "vnet_address_space": [
          "10.0.0.0/16"
        ],
        "vnet_guid": "76ee0549-ca6b-497c-a28c-40a7c11894d9",
        "vnet_id": "/subscriptions/03257de2-dac3-462b-a5dd-6867cd1e20fa/resourceGroups/default_rg/providers/Microsoft.Network/virtualNetworks/web_vnet",
        "vnet_location": "westeurope",
        "vnet_name": "web_vnet",
        "vnet_subnets": [
          "/subscriptions/03257de2-dac3-462b-a5dd-6867cd1e20fa/resourceGroups/default_rg/providers/Microsoft.Network/virtualNetworks/web_vnet/subnets/subnet1",
          "/subscriptions/03257de2-dac3-462b-a5dd-6867cd1e20fa/resourceGroups/default_rg/providers/Microsoft.Network/virtualNetworks/web_vnet/subnets/subnet2",
          "/subscriptions/03257de2-dac3-462b-a5dd-6867cd1e20fa/resourceGroups/default_rg/providers/Microsoft.Network/virtualNetworks/web_vnet/subnets/subnet3"
        ],
        "vnet_subnets_name_id": {
          "subnet1": "/subscriptions/03257de2-dac3-462b-a5dd-6867cd1e20fa/resourceGroups/default_rg/providers/Microsoft.Network/virtualNetworks/web_vnet/subnets/subnet1",
          "subnet2": "/subscriptions/03257de2-dac3-462b-a5dd-6867cd1e20fa/resourceGroups/default_rg/providers/Microsoft.Network/virtualNetworks/web_vnet/subnets/subnet2",
          "subnet3": "/subscriptions/03257de2-dac3-462b-a5dd-6867cd1e20fa/resourceGroups/default_rg/providers/Microsoft.Network/virtualNetworks/web_vnet/subnets/subnet3"
        }
      },
      "type": [
        "object",
        {
          "vnet_address_space": [
            "set",
            "string"
          ],
          "vnet_guid": "string",
          "vnet_id": "string",
          "vnet_location": "string",
          "vnet_name": "string",
          "vnet_subnets": [
            "list",
            "string"
          ],
          "vnet_subnets_name_id": [
            "object",
            {
              "subnet1": "string",
              "subnet2": "string",
              "subnet3": "string"
            }
          ]
        }
      ]
    }
  },
  "resources": [
    {
      "mode": "managed",
      "type": "azurerm_network_interface",
      "name": "web",
      "provider": "provider[\"registry.terraform.io/hashicorp/azurerm\"]",
      "instances": [
        {
          "schema_version": 0,
          "attributes": {
            "accelerated_networking_enabled": false,
            "applied_dns_servers": [],
            "auxiliary_mode": "",
            "auxiliary_sku": "",
            "dns_servers": null,
            "edge_zone": "",
            "id": "/subscriptions/03257de2-dac3-462b-a5dd-6867cd1e20fa/resourceGroups/default_rg/providers/Microsoft.Network/networkInterfaces/web-nic",
            "internal_dns_name_label": "",
            "internal_domain_name_suffix": "jec423tlzj4etiumict2cgeu1b.ax.internal.cloudapp.net",
            "ip_configuration": [
              {
                "gateway_load_balancer_frontend_ip_configuration_id": "",
                "name": "internal",
                "primary": true,
                "private_ip_address": "10.0.1.4",
                "private_ip_address_allocation": "Dynamic",
                "private_ip_address_version": "IPv4",
                "public_ip_address_id": "",
                "subnet_id": "/subscriptions/03257de2-dac3-462b-a5dd-6867cd1e20fa/resourceGroups/default_rg/providers/Microsoft.Network/virtualNetworks/web_vnet/subnets/subnet1"
              }
            ],
            "ip_forwarding_enabled": false,
            "location": "westeurope",
            "mac_address": "",
            "name": "web-nic",
            "private_ip_address": "10.0.1.4",
            "private_ip_addresses": [
              "10.0.1.4"
            ],
            "resource_group_name": "default_rg",
            "tags": null,
            "timeouts": null,
            "virtual_machine_id": ""
          },
          "sensitive_attributes": [],
          "private": "eyJlMmJmYjczMC1lY2FhLTExZTYtOGY4OC0zNDM2M2JjN2M0YzAiOnsiY3JlYXRlIjoxODAwMDAwMDAwMDAwLCJkZWxldGUiOjE4MDAwMDAwMDAwMDAsInJlYWQiOjMwMDAwMDAwMDAwMCwidXBkYXRlIjoxODAwMDAwMDAwMDAwfX0=",
          "dependencies": [
            "module.vnet.azurerm_subnet.subnet_count",
            "module.vnet.azurerm_subnet.subnet_for_each",
            "module.vnet.azurerm_virtual_network.vnet",
            "module.vnet.azurerm_virtual_network_dns_servers.this"
          ]
        }
      ]
    },
    {
      "module": "module.vnet",
      "mode": "data",
      "type": "azurerm_client_config",
      "name": "telemetry",
      "provider": "provider[\"registry.terraform.io/hashicorp/azurerm\"]",
      "instances": [
        {
          "index_key": 0,
          "schema_version": 0,
          "attributes": {
            "client_id": "96a52952-e360-4bea-934c-5bea5f25bc86",
            "id": "Y2xpZW50Q29uZmlncy9jbGllbnRJZD05NmE1Mjk1Mi1lMzYwLTRiZWEtOTM0Yy01YmVhNWYyNWJjODY7b2JqZWN0SWQ9MmZiYWRmMDItNTY3NS00NzljLThmMzItYWFhOGU5OTI3Y2VmO3N1YnNjcmlwdGlvbklkPTAzMjU3ZGUyLWRhYzMtNDYyYi1hNWRkLTY4NjdjZDFlMjBmYTt0ZW5hbnRJZD1hMTE0M2VjYi00NzhjLTQzMDItYmQ0Ni1jY2Y0MzQ0YzhlNzI=",
            "object_id": "2fbadf02-5675-479c-8f32-aaa8e9927cef",
            "subscription_id": "03257de2-dac3-462b-a5dd-6867cd1e20fa",
            "tenant_id": "a1143ecb-478c-4302-bd46-ccf4344c8e72",
            "timeouts": null
          },
          "sensitive_attributes": []
        }
      ]
    },
    {
      "module": "module.vnet",
      "mode": "data",
      "type": "modtm_module_source",
      "name": "telemetry",
      "provider": "provider[\"registry.terraform.io/azure/modtm\"]",
      "instances": [
        {
          "index_key": 0,
          "schema_version": 0,
          "attributes": {
            "module_path": ".terraform/modules/vnet",
            "module_source": "registry.terraform.io/Azure/vnet/azurerm",
            "module_version": "5.0.1"
          },
          "sensitive_attributes": []
        }
      ]
    },
    {
      "module": "module.vnet",
      "mode": "managed",
      "type": "azurerm_subnet",
      "name": "subnet_for_each",
      "provider": "provider[\"registry.terraform.io/hashicorp/azurerm\"]",
      "instances": [
        {
          "index_key": "subnet1",
          "schema_version": 0,
          "attributes": {
            "address_prefixes": [
              "10.0.1.0/24"
            ],
            "default_outbound_access_enabled": true,
            "delegation": [],
            "id": "/subscriptions/03257de2-dac3-462b-a5dd-6867cd1e20fa/resourceGroups/default_rg/providers/Microsoft.Network/virtualNetworks/web_vnet/subnets/subnet1",
            "name": "subnet1",
            "private_endpoint_network_policies": "Enabled",
            "private_link_service_network_policies_enabled": true,
            "resource_group_name": "default_rg",
            "service_endpoint_policy_ids": null,
            "service_endpoints": null,
            "timeouts": null,
            "virtual_network_name": "web_vnet"
          },
          "sensitive_attributes": [],
          "private": "eyJlMmJmYjczMC1lY2FhLTExZTYtOGY4OC0zNDM2M2JjN2M0YzAiOnsiY3JlYXRlIjoxODAwMDAwMDAwMDAwLCJkZWxldGUiOjE4MDAwMDAwMDAwMDAsInJlYWQiOjMwMDAwMDAwMDAwMCwidXBkYXRlIjoxODAwMDAwMDAwMDAwfX0=",
          "dependencies": [
            "module.vnet.azurerm_virtual_network.vnet",
            "module.vnet.azurerm_virtual_network_dns_servers.this"
          ]
        },
        {
          "index_key": "subnet2",
          "schema_version": 0,
          "attributes": {
            "address_prefixes": [
              "10.0.2.0/24"
            ],
            "default_outbound_access_enabled": true,
            "delegation": [],
            "id": "/subscriptions/03257de2-dac3-462b-a5dd-6867cd1e20fa/resourceGroups/default_rg/providers/Microsoft.Network/virtualNetworks/web_vnet/subnets/subnet2",
            "name": "subnet2",
            "private_endpoint_network_policies": "Enabled",
            "private_link_service_network_policies_enabled": true,
            "resource_group_name": "default_rg",
            "service_endpoint_policy_ids": null,
            "service_endpoints": null,
            "timeouts": null,
            "virtual_network_name": "web_vnet"
          },
          "sensitive_attributes": [],
          "private": "eyJlMmJmYjczMC1lY2FhLTExZTYtOGY4OC0zNDM2M2JjN2M0YzAiOnsiY3JlYXRlIjoxODAwMDAwMDAwMDAwLCJkZWxldGUiOjE4MDAwMDAwMDAwMDAsInJlYWQiOjMwMDAwMDAwMDAwMCwidXBkYXRlIjoxODAwMDAwMDAwMDAwfX0=",
          "dependencies": [
            "module.vnet.azurerm_virtual_network.vnet",
            "module.vnet.azurerm_virtual_network_dns_servers.this"
          ]
        },
        {
          "index_key": "subnet3",
          "schema_version": 0,
          "attributes": {
            "address_prefixes": [
              "10.0.3.0/24"
            ],
            "default_outbound_access_enabled": true,
            "delegation": [],
            "id": "/subscriptions/03257de2-dac3-462b-a5dd-6867cd1e20fa/resourceGroups/default_rg/providers/Microsoft.Network/virtualNetworks/web_vnet/subnets/subnet3",
            "name": "subnet3",
            "private_endpoint_network_policies": "Enabled",
            "private_link_service_network_policies_enabled": true,
            "resource_group_name": "default_rg",
            "service_endpoint_policy_ids": null,
            "service_endpoints": null,
            "timeouts": null,
            "virtual_network_name": "web_vnet"
          },
          "sensitive_attributes": [],
          "private": "eyJlMmJmYjczMC1lY2FhLTExZTYtOGY4OC0zNDM2M2JjN2M0YzAiOnsiY3JlYXRlIjoxODAwMDAwMDAwMDAwLCJkZWxldGUiOjE4MDAwMDAwMDAwMDAsInJlYWQiOjMwMDAwMDAwMDAwMCwidXBkYXRlIjoxODAwMDAwMDAwMDAwfX0=",
          "dependencies": [
            "module.vnet.azurerm_virtual_network.vnet",
            "module.vnet.azurerm_virtual_network_dns_servers.this"
          ]
        }
      ]
    },
    {
      "module": "module.vnet",
      "mode": "managed",
      "type": "azurerm_virtual_network",
      "name": "vnet",
      "provider": "provider[\"registry.terraform.io/hashicorp/azurerm\"]",
      "instances": [
        {
          "schema_version": 0,
          "attributes": {
            "address_space": [
              "10.0.0.0/16"
            ],
            "bgp_community": "",
            "ddos_protection_plan": [],
            "dns_servers": [],
            "edge_zone": "",
            "encryption": [],
            "flow_timeout_in_minutes": 0,
            "guid": "76ee0549-ca6b-497c-a28c-40a7c11894d9",
            "id": "/subscriptions/03257de2-dac3-462b-a5dd-6867cd1e20fa/resourceGroups/default_rg/providers/Microsoft.Network/virtualNetworks/web_vnet",
            "location": "westeurope",
            "name": "web_vnet",
            "resource_group_name": "default_rg",
            "subnet": [],
            "tags": null,
            "timeouts": null
          },
          "sensitive_attributes": [],
          "private": "eyJlMmJmYjczMC1lY2FhLTExZTYtOGY4OC0zNDM2M2JjN2M0YzAiOnsiY3JlYXRlIjoxODAwMDAwMDAwMDAwLCJkZWxldGUiOjE4MDAwMDAwMDAwMDAsInJlYWQiOjMwMDAwMDAwMDAwMCwidXBkYXRlIjoxODAwMDAwMDAwMDAwfX0="
        }
      ]
    },
    {
      "module": "module.vnet",
      "mode": "managed",
      "type": "azurerm_virtual_network_dns_servers",
      "name": "this",
      "provider": "provider[\"registry.terraform.io/hashicorp/azurerm\"]",
      "instances": [
        {
          "index_key": 0,
          "schema_version": 0,
          "attributes": {
            "dns_servers": [],
            "id": "/subscriptions/03257de2-dac3-462b-a5dd-6867cd1e20fa/resourceGroups/default_rg/providers/Microsoft.Network/virtualNetworks/web_vnet/dnsServers/default",
            "timeouts": null,
            "virtual_network_id": "/subscriptions/03257de2-dac3-462b-a5dd-6867cd1e20fa/resourceGroups/default_rg/providers/Microsoft.Network/virtualNetworks/web_vnet"
          },
          "sensitive_attributes": [],
          "private": "eyJlMmJmYjczMC1lY2FhLTExZTYtOGY4OC0zNDM2M2JjN2M0YzAiOnsiY3JlYXRlIjoxODAwMDAwMDAwMDAwLCJkZWxldGUiOjE4MDAwMDAwMDAwMDAsInJlYWQiOjMwMDAwMDAwMDAwMCwidXBkYXRlIjoxODAwMDAwMDAwMDAwfX0=",
          "dependencies": [
            "module.vnet.azurerm_virtual_network.vnet"
          ]
        }
      ]
    },
    {
      "module": "module.vnet",
      "mode": "managed",
      "type": "modtm_telemetry",
      "name": "telemetry",
      "provider": "provider[\"registry.terraform.io/azure/modtm\"]",
      "instances": [
        {
          "index_key": 0,
          "schema_version": 0,
          "attributes": {
            "endpoint": null,
            "ephemeral_number": null,
            "id": "15b3c8c2-a5cd-49fd-a944-b223c9044175",
            "nonce": null,
            "tags": {
              "module_source": "registry.terraform.io/Azure/vnet/azurerm",
              "module_version": "5.0.1",
              "random_id": "2e1802e8-a7ee-ff0f-5673-0466ae66a660",
              "subscription_id": "03257de2-dac3-462b-a5dd-6867cd1e20fa",
              "tenant_id": "a1143ecb-478c-4302-bd46-ccf4344c8e72"
            }
          },
          "sensitive_attributes": [],
          "dependencies": [
            "module.vnet.data.azurerm_client_config.telemetry",
            "module.vnet.data.modtm_module_source.telemetry",
            "module.vnet.random_uuid.telemetry"
          ]
        }
      ]
    },
    {
      "module": "module.vnet",
      "mode": "managed",
      "type": "random_uuid",
      "name": "telemetry",
      "provider": "provider[\"registry.terraform.io/hashicorp/random\"]",
      "instances": [
        {
          "index_key": 0,
          "schema_version": 0,
          "attributes": {
            "id": "2e1802e8-a7ee-ff0f-5673-0466ae66a660",
            "keepers": null,
            "result": "2e1802e8-a7ee-ff0f-5673-0466ae66a660"
          },
          "sensitive_attributes": []
        }
      ]
    }
  ],
  "check_results": null
}
