{
  "version": 4,
  "terraform_version": "1.9.8",
  "serial": 27,
  "lineage": "94abeb92-09ef-27c0-4736-4df33811f47c",
  "outputs": {},
  "resources": [
    {
      "mode": "data",
      "type": "azurerm_resource_group",
      "name": "web",
      "provider": "provider[\"registry.terraform.io/hashicorp/azurerm\"]",
      "instances": [
        {
          "schema_version": 0,
          "attributes": {
            "id": "/subscriptions/03257de2-dac3-462b-a5dd-6867cd1e20fa/resourceGroups/web_rg",
            "location": "westeurope",
            "managed_by": "",
            "name": "web_rg",
            "tags": {},
            "timeouts": null
          },
          "sensitive_attributes": []
        }
      ]
    },
    {
      "mode": "data",
      "type": "azurerm_resources",
      "name": "web_res",
      "provider": "provider[\"registry.terraform.io/hashicorp/azurerm\"]",
      "instances": [
        {
          "schema_version": 0,
          "attributes": {
            "id": "resource-b0f49a99-9657-46f2-8185-a51ec9a74626",
            "name": null,
            "required_tags": {
              "environment": "test"
            },
            "resource_group_name": "web_rg",
            "resources": [
              {
                "id": "/subscriptions/03257de2-dac3-462b-a5dd-6867cd1e20fa/resourceGroups/web_rg/providers/Microsoft.Storage/storageAccounts/007sl1234",
                "location": "westeurope",
                "name": "007sl1234",
                "resource_group_name": "web_rg",
                "tags": {
                  "environment": "test"
                },
                "type": "Microsoft.Storage/storageAccounts"
              }
            ],
            "timeouts": null,
            "type": null
          },
          "sensitive_attributes": []
        }
      ]
    },
    {
      "mode": "managed",
      "type": "azurerm_storage_account",
      "name": "web",
      "provider": "provider[\"registry.terraform.io/hashicorp/azurerm\"]",
      "instances": [
        {
          "schema_version": 4,
          "attributes": {
            "access_tier": "Hot",
            "account_kind": "StorageV2",
            "account_replication_type": "GRS",
            "account_tier": "Standard",
            "allow_nested_items_to_be_public": true,
            "allowed_copy_scope": "",
            "azure_files_authentication": [],
            "blob_properties": [
              {
                "change_feed_enabled": false,
                "change_feed_retention_in_days": 0,
                "container_delete_retention_policy": [],
                "cors_rule": [],
                "default_service_version": "",
                "delete_retention_policy": [],
                "last_access_time_enabled": false,
                "restore_policy": [],
                "versioning_enabled": false
              }
            ],
            "cross_tenant_replication_enabled": false,
            "custom_domain": [],
            "customer_managed_key": [],
            "default_to_oauth_authentication": false,
            "dns_endpoint_type": "Standard",
            "edge_zone": "",
            "https_traffic_only_enabled": true,
            "id": "/subscriptions/03257de2-dac3-462b-a5dd-6867cd1e20fa/resourceGroups/web_rg/providers/Microsoft.Storage/storageAccounts/4321sl007",
            "identity": [],
            "immutability_policy": [],
            "infrastructure_encryption_enabled": false,
            "is_hns_enabled": false,
            "large_file_share_enabled": false,
            "local_user_enabled": true,
            "location": "westeurope",
            "min_tls_version": "TLS1_2",
            "name": "4321sl007",
            "network_rules": [],
            "nfsv3_enabled": false,
            "primary_access_key": "7ApfMtL8AGsZdM6kZJty7PmBUjIkj5VVtkvOD919FbVhSoTRLeH89JcERF6DyOT2wb4wM6Ho30v9+AStQ9jBiQ==",
            "primary_blob_connection_string": "DefaultEndpointsProtocol=https;BlobEndpoint=https://4321sl007.blob.core.windows.net/;AccountName=4321sl007;AccountKey=7ApfMtL8AGsZdM6kZJty7PmBUjIkj5VVtkvOD919FbVhSoTRLeH89JcERF6DyOT2wb4wM6Ho30v9+AStQ9jBiQ==",
            "primary_blob_endpoint": "https://4321sl007.blob.core.windows.net/",
            "primary_blob_host": "4321sl007.blob.core.windows.net",
            "primary_blob_internet_endpoint": "",
            "primary_blob_internet_host": "",
            "primary_blob_microsoft_endpoint": "",
            "primary_blob_microsoft_host": "",
            "primary_connection_string": "DefaultEndpointsProtocol=https;AccountName=4321sl007;AccountKey=7ApfMtL8AGsZdM6kZJty7PmBUjIkj5VVtkvOD919FbVhSoTRLeH89JcERF6DyOT2wb4wM6Ho30v9+AStQ9jBiQ==;EndpointSuffix=core.windows.net",
            "primary_dfs_endpoint": "https://4321sl007.dfs.core.windows.net/",
            "primary_dfs_host": "4321sl007.dfs.core.windows.net",
            "primary_dfs_internet_endpoint": "",
            "primary_dfs_internet_host": "",
            "primary_dfs_microsoft_endpoint": "",
            "primary_dfs_microsoft_host": "",
            "primary_file_endpoint": "https://4321sl007.file.core.windows.net/",
            "primary_file_host": "4321sl007.file.core.windows.net",
            "primary_file_internet_endpoint": "",
            "primary_file_internet_host": "",
            "primary_file_microsoft_endpoint": "",
            "primary_file_microsoft_host": "",
            "primary_location": "westeurope",
            "primary_queue_endpoint": "https://4321sl007.queue.core.windows.net/",
            "primary_queue_host": "4321sl007.queue.core.windows.net",
            "primary_queue_microsoft_endpoint": "",
            "primary_queue_microsoft_host": "",
            "primary_table_endpoint": "https://4321sl007.table.core.windows.net/",
            "primary_table_host": "4321sl007.table.core.windows.net",
            "primary_table_microsoft_endpoint": "",
            "primary_table_microsoft_host": "",
            "primary_web_endpoint": "https://4321sl007.z6.web.core.windows.net/",
            "primary_web_host": "4321sl007.z6.web.core.windows.net",
            "primary_web_internet_endpoint": "",
            "primary_web_internet_host": "",
            "primary_web_microsoft_endpoint": "",
            "primary_web_microsoft_host": "",
            "public_network_access_enabled": true,
            "queue_encryption_key_type": "Service",
            "queue_properties": [
              {
                "cors_rule": [],
                "hour_metrics": [
                  {
                    "enabled": true,
                    "include_apis": true,
                    "retention_policy_days": 7,
                    "version": "1.0"
                  }
                ],
                "logging": [
                  {
                    "delete": false,
                    "read": false,
                    "retention_policy_days": 0,
                    "version": "1.0",
                    "write": false
                  }
                ],
                "minute_metrics": [
                  {
                    "enabled": false,
                    "include_apis": false,
                    "retention_policy_days": 0,
                    "version": "1.0"
                  }
                ]
              }
            ],
            "resource_group_name": "web_rg",
            "routing": [],
            "sas_policy": [],
            "secondary_access_key": "LyN0H/2Ed1ekBhyHWWBh0QYN/qcHbyMcsqbJcrc1cy13AmuD0/8ItjPC31ptF7C1912FHgk8zgOF+AStjC7Ifg==",
            "secondary_blob_connection_string": "",
            "secondary_blob_endpoint": "",
            "secondary_blob_host": "",
            "secondary_blob_internet_endpoint": "",
            "secondary_blob_internet_host": "",
            "secondary_blob_microsoft_endpoint": "",
            "secondary_blob_microsoft_host": "",
            "secondary_connection_string": "DefaultEndpointsProtocol=https;AccountName=4321sl007;AccountKey=LyN0H/2Ed1ekBhyHWWBh0QYN/qcHbyMcsqbJcrc1cy13AmuD0/8ItjPC31ptF7C1912FHgk8zgOF+AStjC7Ifg==;EndpointSuffix=core.windows.net",
            "secondary_dfs_endpoint": "",
            "secondary_dfs_host": "",
            "secondary_dfs_internet_endpoint": "",
            "secondary_dfs_internet_host": "",
            "secondary_dfs_microsoft_endpoint": "",
            "secondary_dfs_microsoft_host": "",
            "secondary_file_endpoint": "",
            "secondary_file_host": "",
            "secondary_file_internet_endpoint": "",
            "secondary_file_internet_host": "",
            "secondary_file_microsoft_endpoint": "",
            "secondary_file_microsoft_host": "",
            "secondary_location": "northeurope",
            "secondary_queue_endpoint": "",
            "secondary_queue_host": "",
            "secondary_queue_microsoft_endpoint": "",
            "secondary_queue_microsoft_host": "",
            "secondary_table_endpoint": "",
            "secondary_table_host": "",
            "secondary_table_microsoft_endpoint": "",
            "secondary_table_microsoft_host": "",
            "secondary_web_endpoint": "",
            "secondary_web_host": "",
            "secondary_web_internet_endpoint": "",
            "secondary_web_internet_host": "",
            "secondary_web_microsoft_endpoint": "",
            "secondary_web_microsoft_host": "",
            "sftp_enabled": false,
            "share_properties": [
              {
                "cors_rule": [],
                "retention_policy": [
                  {
                    "days": 7
                  }
                ],
                "smb": []
              }
            ],
            "shared_access_key_enabled": true,
            "static_website": [],
            "table_encryption_key_type": "Service",
            "tags": {
              "environment": "test"
            },
            "timeouts": null
          },
          "sensitive_attributes": [
            [
              {
                "type": "get_attr",
                "value": "primary_blob_connection_string"
              }
            ],
            [
              {
                "type": "get_attr",
                "value": "secondary_blob_connection_string"
              }
            ],
            [
              {
                "type": "get_attr",
                "value": "secondary_access_key"
              }
            ],
            [
              {
                "type": "get_attr",
                "value": "primary_access_key"
              }
            ],
            [
              {
                "type": "get_attr",
                "value": "secondary_connection_string"
              }
            ],
            [
              {
                "type": "get_attr",
                "value": "primary_connection_string"
              }
            ]
          ],
          "private": "eyJlMmJmYjczMC1lY2FhLTExZTYtOGY4OC0zNDM2M2JjN2M0YzAiOnsiY3JlYXRlIjozNjAwMDAwMDAwMDAwLCJkZWxldGUiOjM2MDAwMDAwMDAwMDAsInJlYWQiOjMwMDAwMDAwMDAwMCwidXBkYXRlIjozNjAwMDAwMDAwMDAwfSwic2NoZW1hX3ZlcnNpb24iOiI0In0=",
          "dependencies": [
            "data.azurerm_resource_group.web"
          ]
        }
      ]
    }
  ],
  "check_results": null
}
