{
  "version": 4,
  "terraform_version": "1.9.8",
  "serial": 8,
  "lineage": "ea067f4d-a368-a449-ab8a-536d8811f6d4",
  "outputs": {
    "vnet1": {
      "value": {
        "subnet": {
          "address_prefixes": [
            "10.0.2.0/24"
          ],
          "default_outbound_access_enabled": true,
          "delegation": [],
          "id": "/subscriptions/03257de2-dac3-462b-a5dd-6867cd1e20fa/resourceGroups/web_rg/providers/Microsoft.Network/virtualNetworks/web_vnet/subnets/internal",
          "name": "internal",
          "private_endpoint_network_policies": "Disabled",
          "private_link_service_network_policies_enabled": true,
          "resource_group_name": "web_rg",
          "service_endpoint_policy_ids": null,
          "service_endpoints": null,
          "timeouts": null,
          "virtual_network_name": "web_vnet"
        }
      },
      "type": [
        "object",
        {
          "subnet": [
            "object",
            {
              "address_prefixes": [
                "list",
                "string"
              ],
              "default_outbound_access_enabled": "bool",
              "delegation": [
                "list",
                [
                  "object",
                  {
                    "name": "string",
                    "service_delegation": [
                      "list",
                      [
                        "object",
                        {
                          "actions": [
                            "set",
                            "string"
                          ],
                          "name": "string"
                        }
                      ]
                    ]
                  }
                ]
              ],
              "id": "string",
              "name": "string",
              "private_endpoint_network_policies": "string",
              "private_link_service_network_policies_enabled": "bool",
              "resource_group_name": "string",
              "service_endpoint_policy_ids": [
                "set",
                "string"
              ],
              "service_endpoints": [
                "set",
                "string"
              ],
              "timeouts": [
                "object",
                {
                  "create": "string",
                  "delete": "string",
                  "read": "string",
                  "update": "string"
                }
              ],
              "virtual_network_name": "string"
            }
          ]
        }
      ]
    },
    "vnet2": {
      "value": {
        "subnet": {
          "address_prefixes": [
            "9.0.2.0/24"
          ],
          "default_outbound_access_enabled": true,
          "delegation": [],
          "id": "/subscriptions/03257de2-dac3-462b-a5dd-6867cd1e20fa/resourceGroups/default_rg/providers/Microsoft.Network/virtualNetworks/default_vnet_name/subnets/default_subnet",
          "name": "default_subnet",
          "private_endpoint_network_policies": "Disabled",
          "private_link_service_network_policies_enabled": true,
          "resource_group_name": "default_rg",
          "service_endpoint_policy_ids": null,
          "service_endpoints": null,
          "timeouts": null,
          "virtual_network_name": "default_vnet_name"
        }
      },
      "type": [
        "object",
        {
          "subnet": [
            "object",
            {
              "address_prefixes": [
                "list",
                "string"
              ],
              "default_outbound_access_enabled": "bool",
              "delegation": [
                "list",
                [
                  "object",
                  {
                    "name": "string",
                    "service_delegation": [
                      "list",
                      [
                        "object",
                        {
                          "actions": [
                            "set",
                            "string"
                          ],
                          "name": "string"
                        }
                      ]
                    ]
                  }
                ]
              ],
              "id": "string",
              "name": "string",
              "private_endpoint_network_policies": "string",
              "private_link_service_network_policies_enabled": "bool",
              "resource_group_name": "string",
              "service_endpoint_policy_ids": [
                "set",
                "string"
              ],
              "service_endpoints": [
                "set",
                "string"
              ],
              "timeouts": [
                "object",
                {
                  "create": "string",
                  "delete": "string",
                  "read": "string",
                  "update": "string"
                }
              ],
              "virtual_network_name": "string"
            }
          ]
        }
      ]
    }
  },
  "resources": [
    {
      "mode": "managed",
      "type": "azurerm_network_interface",
      "name": "web",
      "provider": "provider[\"registry.terraform.io/hashicorp/azurerm\"]",
      "instances": [
        {
          "schema_version": 0,
          "attributes": {
            "accelerated_networking_enabled": false,
            "applied_dns_servers": [],
            "auxiliary_mode": "",
            "auxiliary_sku": "",
            "dns_servers": null,
            "edge_zone": "",
            "id": "/subscriptions/03257de2-dac3-462b-a5dd-6867cd1e20fa/resourceGroups/web_rg/providers/Microsoft.Network/networkInterfaces/web-nic1",
            "internal_dns_name_label": "",
            "internal_domain_name_suffix": "3he2d4bvdihuhnmwcylunmnt2g.ax.internal.cloudapp.net",
            "ip_configuration": [
              {
                "gateway_load_balancer_frontend_ip_configuration_id": "",
                "name": "internal",
                "primary": true,
                "private_ip_address": "10.0.2.4",
                "private_ip_address_allocation": "Dynamic",
                "private_ip_address_version": "IPv4",
                "public_ip_address_id": "",
                "subnet_id": "/subscriptions/03257de2-dac3-462b-a5dd-6867cd1e20fa/resourceGroups/web_rg/providers/Microsoft.Network/virtualNetworks/web_vnet/subnets/internal"
              }
            ],
            "ip_forwarding_enabled": false,
            "location": "westeurope",
            "mac_address": "",
            "name": "web-nic1",
            "private_ip_address": "10.0.2.4",
            "private_ip_addresses": [
              "10.0.2.4"
            ],
            "resource_group_name": "web_rg",
            "tags": null,
            "timeouts": null,
            "virtual_machine_id": ""
          },
          "sensitive_attributes": [],
          "private": "eyJlMmJmYjczMC1lY2FhLTExZTYtOGY4OC0zNDM2M2JjN2M0YzAiOnsiY3JlYXRlIjoxODAwMDAwMDAwMDAwLCJkZWxldGUiOjE4MDAwMDAwMDAwMDAsInJlYWQiOjMwMDAwMDAwMDAwMCwidXBkYXRlIjoxODAwMDAwMDAwMDAwfX0=",
          "dependencies": [
            "azurerm_resource_group.web",
            "module.vnet1.azurerm_subnet.subnet",
            "module.vnet1.azurerm_virtual_network.vnet"
          ]
        }
      ]
    },
    {
      "mode": "managed",
      "type": "azurerm_resource_group",
      "name": "web",
      "provider": "provider[\"registry.terraform.io/hashicorp/azurerm\"]",
      "instances": [
        {
          "schema_version": 0,
          "attributes": {
            "id": "/subscriptions/03257de2-dac3-462b-a5dd-6867cd1e20fa/resourceGroups/web_rg",
            "location": "westeurope",
            "managed_by": "",
            "name": "web_rg",
            "tags": null,
            "timeouts": null
          },
          "sensitive_attributes": [],
          "private": "eyJlMmJmYjczMC1lY2FhLTExZTYtOGY4OC0zNDM2M2JjN2M0YzAiOnsiY3JlYXRlIjo1NDAwMDAwMDAwMDAwLCJkZWxldGUiOjU0MDAwMDAwMDAwMDAsInJlYWQiOjMwMDAwMDAwMDAwMCwidXBkYXRlIjo1NDAwMDAwMDAwMDAwfX0="
        }
      ]
    },
    {
      "module": "module.vnet1",
      "mode": "managed",
      "type": "azurerm_subnet",
      "name": "subnet",
      "provider": "provider[\"registry.terraform.io/hashicorp/azurerm\"]",
      "instances": [
        {
          "schema_version": 0,
          "attributes": {
            "address_prefixes": [
              "10.0.2.0/24"
            ],
            "default_outbound_access_enabled": true,
            "delegation": [],
            "id": "/subscriptions/03257de2-dac3-462b-a5dd-6867cd1e20fa/resourceGroups/web_rg/providers/Microsoft.Network/virtualNetworks/web_vnet/subnets/internal",
            "name": "internal",
            "private_endpoint_network_policies": "Disabled",
            "private_link_service_network_policies_enabled": true,
            "resource_group_name": "web_rg",
            "service_endpoint_policy_ids": null,
            "service_endpoints": null,
            "timeouts": null,
            "virtual_network_name": "web_vnet"
          },
          "sensitive_attributes": [],
          "private": "eyJlMmJmYjczMC1lY2FhLTExZTYtOGY4OC0zNDM2M2JjN2M0YzAiOnsiY3JlYXRlIjoxODAwMDAwMDAwMDAwLCJkZWxldGUiOjE4MDAwMDAwMDAwMDAsInJlYWQiOjMwMDAwMDAwMDAwMCwidXBkYXRlIjoxODAwMDAwMDAwMDAwfX0=",
          "dependencies": [
            "azurerm_resource_group.web",
            "module.vnet1.azurerm_virtual_network.vnet"
          ]
        }
      ]
    },
    {
      "module": "module.vnet1",
      "mode": "managed",
      "type": "azurerm_virtual_network",
      "name": "vnet",
      "provider": "provider[\"registry.terraform.io/hashicorp/azurerm\"]",
      "instances": [
        {
          "schema_version": 0,
          "attributes": {
            "address_space": [
              "10.0.0.0/16"
            ],
            "bgp_community": "",
            "ddos_protection_plan": [],
            "dns_servers": [],
            "edge_zone": "",
            "encryption": [],
            "flow_timeout_in_minutes": 0,
            "guid": "f8c1c9e9-1a35-430f-b596-161746b1b3e6",
            "id": "/subscriptions/03257de2-dac3-462b-a5dd-6867cd1e20fa/resourceGroups/web_rg/providers/Microsoft.Network/virtualNetworks/web_vnet",
            "location": "westeurope",
            "name": "web_vnet",
            "resource_group_name": "web_rg",
            "subnet": [],
            "tags": null,
            "timeouts": null
          },
          "sensitive_attributes": [],
          "private": "eyJlMmJmYjczMC1lY2FhLTExZTYtOGY4OC0zNDM2M2JjN2M0YzAiOnsiY3JlYXRlIjoxODAwMDAwMDAwMDAwLCJkZWxldGUiOjE4MDAwMDAwMDAwMDAsInJlYWQiOjMwMDAwMDAwMDAwMCwidXBkYXRlIjoxODAwMDAwMDAwMDAwfX0=",
          "dependencies": [
            "azurerm_resource_group.web"
          ]
        }
      ]
    },
    {
      "module": "module.vnet2",
      "mode": "managed",
      "type": "azurerm_subnet",
      "name": "subnet",
      "provider": "provider[\"registry.terraform.io/hashicorp/azurerm\"]",
      "instances": [
        {
          "schema_version": 0,
          "attributes": {
            "address_prefixes": [
              "9.0.2.0/24"
            ],
            "default_outbound_access_enabled": true,
            "delegation": [],
            "id": "/subscriptions/03257de2-dac3-462b-a5dd-6867cd1e20fa/resourceGroups/default_rg/providers/Microsoft.Network/virtualNetworks/default_vnet_name/subnets/default_subnet",
            "name": "default_subnet",
            "private_endpoint_network_policies": "Disabled",
            "private_link_service_network_policies_enabled": true,
            "resource_group_name": "default_rg",
            "service_endpoint_policy_ids": null,
            "service_endpoints": null,
            "timeouts": null,
            "virtual_network_name": "default_vnet_name"
          },
          "sensitive_attributes": [],
          "private": "eyJlMmJmYjczMC1lY2FhLTExZTYtOGY4OC0zNDM2M2JjN2M0YzAiOnsiY3JlYXRlIjoxODAwMDAwMDAwMDAwLCJkZWxldGUiOjE4MDAwMDAwMDAwMDAsInJlYWQiOjMwMDAwMDAwMDAwMCwidXBkYXRlIjoxODAwMDAwMDAwMDAwfX0=",
          "dependencies": [
            "azurerm_resource_group.web",
            "module.vnet2.azurerm_virtual_network.vnet"
          ]
        }
      ]
    },
    {
      "module": "module.vnet2",
      "mode": "managed",
      "type": "azurerm_virtual_network",
      "name": "vnet",
      "provider": "provider[\"registry.terraform.io/hashicorp/azurerm\"]",
      "instances": [
        {
          "schema_version": 0,
          "attributes": {
            "address_space": [
              "9.0.0.0/16"
            ],
            "bgp_community": "",
            "ddos_protection_plan": [],
            "dns_servers": [],
            "edge_zone": "",
            "encryption": [],
            "flow_timeout_in_minutes": 0,
            "guid": "8bd768e7-2bb5-449f-884b-1254154f780a",
            "id": "/subscriptions/03257de2-dac3-462b-a5dd-6867cd1e20fa/resourceGroups/default_rg/providers/Microsoft.Network/virtualNetworks/default_vnet_name",
            "location": "westeurope",
            "name": "default_vnet_name",
            "resource_group_name": "default_rg",
            "subnet": [],
            "tags": null,
            "timeouts": null
          },
          "sensitive_attributes": [],
          "private": "eyJlMmJmYjczMC1lY2FhLTExZTYtOGY4OC0zNDM2M2JjN2M0YzAiOnsiY3JlYXRlIjoxODAwMDAwMDAwMDAwLCJkZWxldGUiOjE4MDAwMDAwMDAwMDAsInJlYWQiOjMwMDAwMDAwMDAwMCwidXBkYXRlIjoxODAwMDAwMDAwMDAwfX0=",
          "dependencies": [
            "azurerm_resource_group.web"
          ]
        }
      ]
    }
  ],
  "check_results": null
}
